
Microsoft Visual Studio Solution File, Format Version 12.00
# Visual Studio Version 17
VisualStudioVersion = 17.0.32126.317
MinimumVisualStudioVersion = 10.0.40219.1
Project("{2150E333-8FDC-42A3-9474-1A3956D46DE8}") = "Services", "Services", "{375E1622-0FC4-4E20-A099-DC31D2D5415C}"
EndProject
Project("{2150E333-8FDC-42A3-9474-1A3956D46DE8}") = "Catalog", "Catalog", "{95E5E2C1-5CDA-4271-AA83-E7043CBF6B7A}"
EndProject
Project("{E53339B2-1760-4266-BCC7-CA923CBCF16C}") = "docker-compose", "docker-compose.dcproj", "{BB048DA5-5DFE-42F6-BC31-6B1B138D9C9A}"
EndProject
Project("{2150E333-8FDC-42A3-9474-1A3956D46DE8}") = "Basket", "Basket", "{099DA174-FF7F-4E10-8233-C2158C04D7EC}"
EndProject
Project("{9A19103F-16F7-4668-BE54-9A1E7A4F7556}") = "Basket.API", "Services\Basket\Basket.API\Basket.API.csproj", "{4C8E19B8-7BFA-4A41-92B1-9C0520A791EA}"
EndProject
Project("{2150E333-8FDC-42A3-9474-1A3956D46DE8}") = "Discount", "Discount", "{5B569F02-3198-4F66-B92A-6F549E00379D}"
EndProject
Project("{9A19103F-16F7-4668-BE54-9A1E7A4F7556}") = "Discount.API", "Services\Discount\Discount.API\Discount.API.csproj", "{E4D67CE3-FCC3-4766-8521-38212F6A3DF3}"
EndProject
Project("{9A19103F-16F7-4668-BE54-9A1E7A4F7556}") = "Discount.Grpc", "Services\Discount\Discount.Grpc\Discount.Grpc.csproj", "{5F55783A-AB1C-4743-B22E-594F342E3006}"
EndProject
Project("{9A19103F-16F7-4668-BE54-9A1E7A4F7556}") = "Catalog.API", "Services\Catalog\Catalog.API\Catalog.API.csproj", "{4E9DD426-731E-4052-8B62-084E2CF27C34}"
EndProject
Project("{9A19103F-16F7-4668-BE54-9A1E7A4F7556}") = "Discount.Shared", "Services\Discount\Discount.Shared\Discount.Shared.csproj", "{B4852DF0-C558-4B1D-95AC-02CAAD4F10C7}"
EndProject
Project("{2150E333-8FDC-42A3-9474-1A3956D46DE8}") = "Ordering", "Ordering", "{4BBDD340-FDFE-43B2-A4A5-8BED51FAE213}"
EndProject
Project("{FAE04EC0-301F-11D3-BF4B-00C04F79EFBC}") = "Ordering.API", "Services\Ordering\Ordering.API\Ordering.API.csproj", "{AE7FC04A-1B0E-4DEC-904A-C6A3DE152369}"
EndProject
Project("{FAE04EC0-301F-11D3-BF4B-00C04F79EFBC}") = "Ordering.Domain", "Services\Ordering\Ordering.Domain\Ordering.Domain.csproj", "{DD5ECA95-B665-414A-A12F-A97B802F4D2C}"
EndProject
Project("{FAE04EC0-301F-11D3-BF4B-00C04F79EFBC}") = "Ordering.Application", "Services\Ordering\Ordering.Application\Ordering.Application.csproj", "{1F8D18A1-D4DF-45A7-9F60-3526F5AE6181}"
EndProject
Project("{FAE04EC0-301F-11D3-BF4B-00C04F79EFBC}") = "Ordering.Infrastructure", "Services\Ordering\Ordering.Infrastructure\Ordering.Infrastructure.csproj", "{74C5109A-4B7D-45A2-986E-484AF10613FC}"
EndProject
Project("{2150E333-8FDC-42A3-9474-1A3956D46DE8}") = "BuildingBlocks", "BuildingBlocks", "{06950F58-8DEB-44CE-90FD-A5657A495199}"
EndProject
Project("{FAE04EC0-301F-11D3-BF4B-00C04F79EFBC}") = "EventBus.Messages", "BuildingBlocks\EventBus.Messages\EventBus.Messages.csproj", "{10AC7917-53E6-4FAA-BD6C-A2D0232ADBEE}"
EndProject
Project("{2150E333-8FDC-42A3-9474-1A3956D46DE8}") = "Middleware", "Middleware", "{88830035-8F9E-41C9-92BA-4EC8C1EAEAA0}"
EndProject
Project("{2150E333-8FDC-42A3-9474-1A3956D46DE8}") = "ApiGateways", "ApiGateways", "{BE680517-09E0-4B7A-8A0C-721DFC419800}"
EndProject
Project("{FAE04EC0-301F-11D3-BF4B-00C04F79EFBC}") = "OcelotAPI.Gateway", "Middleware\ApiGateways\OcelotAPI.Gateway\OcelotAPI.Gateway.csproj", "{8DC85F77-F974-4D36-A9BD-3C9C1FE43EDB}"
EndProject
Global
	GlobalSection(SolutionConfigurationPlatforms) = preSolution
		Debug|Any CPU = Debug|Any CPU
		Release|Any CPU = Release|Any CPU
	EndGlobalSection
	GlobalSection(ProjectConfigurationPlatforms) = postSolution
		{BB048DA5-5DFE-42F6-BC31-6B1B138D9C9A}.Debug|Any CPU.ActiveCfg = Debug|Any CPU
		{BB048DA5-5DFE-42F6-BC31-6B1B138D9C9A}.Debug|Any CPU.Build.0 = Debug|Any CPU
		{BB048DA5-5DFE-42F6-BC31-6B1B138D9C9A}.Release|Any CPU.ActiveCfg = Release|Any CPU
		{BB048DA5-5DFE-42F6-BC31-6B1B138D9C9A}.Release|Any CPU.Build.0 = Release|Any CPU
		{4C8E19B8-7BFA-4A41-92B1-9C0520A791EA}.Debug|Any CPU.ActiveCfg = Debug|Any CPU
		{4C8E19B8-7BFA-4A41-92B1-9C0520A791EA}.Debug|Any CPU.Build.0 = Debug|Any CPU
		{4C8E19B8-7BFA-4A41-92B1-9C0520A791EA}.Release|Any CPU.ActiveCfg = Release|Any CPU
		{4C8E19B8-7BFA-4A41-92B1-9C0520A791EA}.Release|Any CPU.Build.0 = Release|Any CPU
		{E4D67CE3-FCC3-4766-8521-38212F6A3DF3}.Debug|Any CPU.ActiveCfg = Debug|Any CPU
		{E4D67CE3-FCC3-4766-8521-38212F6A3DF3}.Debug|Any CPU.Build.0 = Debug|Any CPU
		{E4D67CE3-FCC3-4766-8521-38212F6A3DF3}.Release|Any CPU.ActiveCfg = Release|Any CPU
		{E4D67CE3-FCC3-4766-8521-38212F6A3DF3}.Release|Any CPU.Build.0 = Release|Any CPU
		{5F55783A-AB1C-4743-B22E-594F342E3006}.Debug|Any CPU.ActiveCfg = Debug|Any CPU
		{5F55783A-AB1C-4743-B22E-594F342E3006}.Debug|Any CPU.Build.0 = Debug|Any CPU
		{5F55783A-AB1C-4743-B22E-594F342E3006}.Release|Any CPU.ActiveCfg = Release|Any CPU
		{5F55783A-AB1C-4743-B22E-594F342E3006}.Release|Any CPU.Build.0 = Release|Any CPU
		{4E9DD426-731E-4052-8B62-084E2CF27C34}.Debug|Any CPU.ActiveCfg = Debug|Any CPU
		{4E9DD426-731E-4052-8B62-084E2CF27C34}.Debug|Any CPU.Build.0 = Debug|Any CPU
		{4E9DD426-731E-4052-8B62-084E2CF27C34}.Release|Any CPU.ActiveCfg = Release|Any CPU
		{4E9DD426-731E-4052-8B62-084E2CF27C34}.Release|Any CPU.Build.0 = Release|Any CPU
		{B4852DF0-C558-4B1D-95AC-02CAAD4F10C7}.Debug|Any CPU.ActiveCfg = Debug|Any CPU
		{B4852DF0-C558-4B1D-95AC-02CAAD4F10C7}.Debug|Any CPU.Build.0 = Debug|Any CPU
		{B4852DF0-C558-4B1D-95AC-02CAAD4F10C7}.Release|Any CPU.ActiveCfg = Release|Any CPU
		{B4852DF0-C558-4B1D-95AC-02CAAD4F10C7}.Release|Any CPU.Build.0 = Release|Any CPU
		{AE7FC04A-1B0E-4DEC-904A-C6A3DE152369}.Debug|Any CPU.ActiveCfg = Debug|Any CPU
		{AE7FC04A-1B0E-4DEC-904A-C6A3DE152369}.Debug|Any CPU.Build.0 = Debug|Any CPU
		{AE7FC04A-1B0E-4DEC-904A-C6A3DE152369}.Release|Any CPU.ActiveCfg = Release|Any CPU
		{AE7FC04A-1B0E-4DEC-904A-C6A3DE152369}.Release|Any CPU.Build.0 = Release|Any CPU
		{DD5ECA95-B665-414A-A12F-A97B802F4D2C}.Debug|Any CPU.ActiveCfg = Debug|Any CPU
		{DD5ECA95-B665-414A-A12F-A97B802F4D2C}.Debug|Any CPU.Build.0 = Debug|Any CPU
		{DD5ECA95-B665-414A-A12F-A97B802F4D2C}.Release|Any CPU.ActiveCfg = Release|Any CPU
		{DD5ECA95-B665-414A-A12F-A97B802F4D2C}.Release|Any CPU.Build.0 = Release|Any CPU
		{1F8D18A1-D4DF-45A7-9F60-3526F5AE6181}.Debug|Any CPU.ActiveCfg = Debug|Any CPU
		{1F8D18A1-D4DF-45A7-9F60-3526F5AE6181}.Debug|Any CPU.Build.0 = Debug|Any CPU
		{1F8D18A1-D4DF-45A7-9F60-3526F5AE6181}.Release|Any CPU.ActiveCfg = Release|Any CPU
		{1F8D18A1-D4DF-45A7-9F60-3526F5AE6181}.Release|Any CPU.Build.0 = Release|Any CPU
		{74C5109A-4B7D-45A2-986E-484AF10613FC}.Debug|Any CPU.ActiveCfg = Debug|Any CPU
		{74C5109A-4B7D-45A2-986E-484AF10613FC}.Debug|Any CPU.Build.0 = Debug|Any CPU
		{74C5109A-4B7D-45A2-986E-484AF10613FC}.Release|Any CPU.ActiveCfg = Release|Any CPU
		{74C5109A-4B7D-45A2-986E-484AF10613FC}.Release|Any CPU.Build.0 = Release|Any CPU
		{10AC7917-53E6-4FAA-BD6C-A2D0232ADBEE}.Debug|Any CPU.ActiveCfg = Debug|Any CPU
		{10AC7917-53E6-4FAA-BD6C-A2D0232ADBEE}.Debug|Any CPU.Build.0 = Debug|Any CPU
		{10AC7917-53E6-4FAA-BD6C-A2D0232ADBEE}.Release|Any CPU.ActiveCfg = Release|Any CPU
		{10AC7917-53E6-4FAA-BD6C-A2D0232ADBEE}.Release|Any CPU.Build.0 = Release|Any CPU
		{8DC85F77-F974-4D36-A9BD-3C9C1FE43EDB}.Debug|Any CPU.ActiveCfg = Debug|Any CPU
		{8DC85F77-F974-4D36-A9BD-3C9C1FE43EDB}.Debug|Any CPU.Build.0 = Debug|Any CPU
		{8DC85F77-F974-4D36-A9BD-3C9C1FE43EDB}.Release|Any CPU.ActiveCfg = Release|Any CPU
		{8DC85F77-F974-4D36-A9BD-3C9C1FE43EDB}.Release|Any CPU.Build.0 = Release|Any CPU
	EndGlobalSection
	GlobalSection(SolutionProperties) = preSolution
		HideSolutionNode = FALSE
	EndGlobalSection
	GlobalSection(NestedProjects) = preSolution
		{95E5E2C1-5CDA-4271-AA83-E7043CBF6B7A} = {375E1622-0FC4-4E20-A099-DC31D2D5415C}
		{099DA174-FF7F-4E10-8233-C2158C04D7EC} = {375E1622-0FC4-4E20-A099-DC31D2D5415C}
		{4C8E19B8-7BFA-4A41-92B1-9C0520A791EA} = {099DA174-FF7F-4E10-8233-C2158C04D7EC}
		{5B569F02-3198-4F66-B92A-6F549E00379D} = {375E1622-0FC4-4E20-A099-DC31D2D5415C}
		{E4D67CE3-FCC3-4766-8521-38212F6A3DF3} = {5B569F02-3198-4F66-B92A-6F549E00379D}
		{5F55783A-AB1C-4743-B22E-594F342E3006} = {5B569F02-3198-4F66-B92A-6F549E00379D}
		{4E9DD426-731E-4052-8B62-084E2CF27C34} = {95E5E2C1-5CDA-4271-AA83-E7043CBF6B7A}
		{B4852DF0-C558-4B1D-95AC-02CAAD4F10C7} = {5B569F02-3198-4F66-B92A-6F549E00379D}
		{4BBDD340-FDFE-43B2-A4A5-8BED51FAE213} = {375E1622-0FC4-4E20-A099-DC31D2D5415C}
		{AE7FC04A-1B0E-4DEC-904A-C6A3DE152369} = {4BBDD340-FDFE-43B2-A4A5-8BED51FAE213}
		{DD5ECA95-B665-414A-A12F-A97B802F4D2C} = {4BBDD340-FDFE-43B2-A4A5-8BED51FAE213}
		{1F8D18A1-D4DF-45A7-9F60-3526F5AE6181} = {4BBDD340-FDFE-43B2-A4A5-8BED51FAE213}
		{74C5109A-4B7D-45A2-986E-484AF10613FC} = {4BBDD340-FDFE-43B2-A4A5-8BED51FAE213}
		{10AC7917-53E6-4FAA-BD6C-A2D0232ADBEE} = {06950F58-8DEB-44CE-90FD-A5657A495199}
		{BE680517-09E0-4B7A-8A0C-721DFC419800} = {88830035-8F9E-41C9-92BA-4EC8C1EAEAA0}
		{8DC85F77-F974-4D36-A9BD-3C9C1FE43EDB} = {BE680517-09E0-4B7A-8A0C-721DFC419800}
	EndGlobalSection
	GlobalSection(ExtensibilityGlobals) = postSolution
		SolutionGuid = {B5D4A3A3-08BF-4EF6-BFB5-72E4BF8AB72A}
	EndGlobalSection
EndGlobal
